github.com/davecgh/go-spew v1.1.0 h1:ZDRjVQ15GmhC3fiQ8ni8+OwkZQO4DARzQgrnXU1Liz8=
github.com/davecgh/go-spew v1.1.0/go.mod h1:J7Y8YcW2NihsgmVo/mv3lAwl/skON4iLHjSsI+c5H38=
github.com/google/uuid v1.3.0 h1:t6JiXgmwXMjEs8VusXIJk2BXHsn+wx8BZdTaoZ5fu7I=
github.com/google/uuid v1.3.0/go.mod h1:TIyPZe4MgqvfeYDBFedMoGGpEw/LqOeaOT+nhxU+yHo=
github.com/gorilla/websocket v1.4.1 h1:q7AeDBpnBk8AogcD4DSag/Ukw/KV+YhzLj2bP5HvKCM=
github.com/gorilla/websocket v1.4.1/go.mod h1:YR8l580nyteQvAITg2hZ9XVh4b55+EU/adAjf1fMHhE=
github.com/pmezard/go-difflib v1.0.0 h1:4DBwDE0NGyQoBHbLQYPwSUPoCMWR5BEzIk/f1lZbAQM=
github.com/pmezard/go-difflib v1.0.0/go.mod h1:iKH77koFhYxTK1pcRnkKkqfTogsbg7gZNVY4sRDYZ/4=
github.com/stretchr/objx v0.1.0/go.mod h1:HFkY916IF+rwdDfMAkV7OtwuqBVzrE8GR6GFx+wExME=
github.com/stretchr/testify v1.5.1 h1:nOGnQDM7FYENwehXlg/kFVnos3rEvtKTjRvOWSzb6H4=
github.com/stretchr/testify v1.5.1/go.mod h1:5W2xD1RspED5o8YsWQXVCued0rvSQ+mT+I5cxcmMvtA=
github.com/xpwu/go-cmd v0.1.0 h1:vL1T2s+ucK/isoZBpOiIGxCPeR0ASgEbwNpiyzNRaYw=
github.com/xpwu/go-cmd v0.1.0/go.mod h1:H4UOmHfeA1WFfH0nyMlCRDta4dppWuu5+4dTC0kKUSg=
github.com/xpwu/go-config v0.1.0 h1:FDLQe7VroiIDk7q6MnCdvULE0O045nbNE7z32vPoabc=
github.com/xpwu/go-config v0.1.0/go.mod h1:gqyUsbKALOtYxzdlLMCEkV823gUvDrSuhUpMntwsBEA=
github.com/xpwu/go-httpclient v0.1.0 h1:03GXRm9fgfv7fkc4HxMw/SPip71vFO9J6/l0RYi5/Fo=
github.com/xpwu/go-httpclient v0.1.0/go.mod h1:Zl+o0jwvvuzNG8xiAnNePr+ABLfdyvpOKTDv26DpEJ4=
github.com/xpwu/go-log v0.1.0 h1:iabJKwTAqwDJq6WgBHD2qr2FyHrXAADyERs7CK9XFog=
github.com/xpwu/go-log v0.1.0/go.mod h1:TCm6PBkCDngMi23xF7mtPtb/noww6Y4fbJRTjpIsxRk=
github.com/xpwu/go-pipe v0.1.0 h1:zXhoOi8zD5STCjO0viz+0DFyMG3NKPzFS/VH9+64IIQ=
github.com/xpwu/go-pipe v0.1.0/go.mod h1:apP02ck3B5eCKc19TTQh+to4iTyeCe8aU8isMv7IuCs=
github.com/xpwu/go-reqid v0.1.0 h1:nQkpjIAfH4tj2e3chGUDku/lr3qdsGobvnHxq0dfk7w=
github.com/xpwu/go-reqid v0.1.0/go.mod h1:VG6DraZK8fsAMskvr95aCYppalDEcKO4NnyNz6W8vO4=
github.com/xpwu/go-var v0.1.0 h1:y+lfGV8IL6eJQRDYUzb9irZxQdBv9H2Icfzn1vfMewc=
github.com/xpwu/go-var v0.1.0/go.mod h1:RZtbOEjZTiu/pho9MAogh9Dd+41XpHb73KuDFpNlqxw=
github.com/xpwu/go-x v0.1.0 h1:eDv1jSD9pItao1teguzqlqKLSDWuZqg0ecoYYQ2TWrw=
github.com/xpwu/go-x v0.1.0/go.mod h1:fbWlT5O1aPLdzOhKnkPFao9E3q5LjQY3GXFnzML6Xz4=
github.com/xpwu/go-xnet v0.1.0 h1:VgHMKZ8g/kBeE91Ydwt+V1xW1bM2bwGl3cXg/bO5B0Y=
github.com/xpwu/go-xnet v0.1.0/go.mod h1:YsDlU/2ULPj+Or6SwihLdZNSyeEanJFBqWWVyWxoqio=
golang.org/x/sync v0.0.0-20210220032951-036812b2e83c h1:5KslGYwFpkhGh+Q16bwMP3cOontH8FOep7tGV86Y7SQ=
golang.org/x/sync v0.0.0-20210220032951-036812b2e83c/go.mod h1:RxMgew5VJxzue5/jJTE5uejpjVlOe/izrB70Jof72aM=
gopkg.in/check.v1 v0.0.0-20161208181325-20d25e280405/go.mod h1:Co6ibVJAznAaIkqp8huTwlJQCZ016jof/cbN4VW5Yz0=
gopkg.in/yaml.v2 v2.2.2 h1:ZCJp+EgiOT7lHqUV2J862kp8Qj64Jo6az82+3Td9dZw=
gopkg.in/yaml.v2 v2.2.2/go.mod h1:hI93XBmqTisBFMUTm0b8Fm+jr3Dg1NNxqwp+5A1VGuI=
